
Microsoft Visual Studio Solution File, Format Version 12.00
# Visual Studio 15
VisualStudioVersion = 15.0.27703.2042
MinimumVisualStudioVersion = 10.0.40219.1
Project("{FAE04EC0-301F-11D3-BF4B-00C04F79EFBC}") = "Calculator_Gui", "Calculator_Gui\Calculator_Gui.csproj", "{ED5B287A-83FF-40C6-94E9-B0273FAAA389}"
EndProject
Project("{FAE04EC0-301F-11D3-BF4B-00C04F79EFBC}") = "CalculatorLib", "Calculator\CalculatorLib.csproj", "{A825ED71-2785-4598-B962-EDDD33EA9D2F}"
EndProject
Project("{2150E333-8FDC-42A3-9474-1A3956D46DE8}") = "Solution Items", "Solution Items", "{F6935682-27FE-492A-A626-C2DA8F24ADCA}"
	ProjectSection(SolutionItems) = preProject
		README.md = README.md
	EndProjectSection
EndProject
Global
	GlobalSection(SolutionConfigurationPlatforms) = preSolution
		Debug|Any CPU = Debug|Any CPU
		Release|Any CPU = Release|Any CPU
	EndGlobalSection
	GlobalSection(ProjectConfigurationPlatforms) = postSolution
		{ED5B287A-83FF-40C6-94E9-B0273FAAA389}.Debug|Any CPU.ActiveCfg = Debug|Any CPU
		{ED5B287A-83FF-40C6-94E9-B0273FAAA389}.Debug|Any CPU.Build.0 = Debug|Any CPU
		{ED5B287A-83FF-40C6-94E9-B0273FAAA389}.Release|Any CPU.ActiveCfg = Release|Any CPU
		{ED5B287A-83FF-40C6-94E9-B0273FAAA389}.Release|Any CPU.Build.0 = Release|Any CPU
		{A825ED71-2785-4598-B962-EDDD33EA9D2F}.Debug|Any CPU.ActiveCfg = Debug|Any CPU
		{A825ED71-2785-4598-B962-EDDD33EA9D2F}.Debug|Any CPU.Build.0 = Debug|Any CPU
		{A825ED71-2785-4598-B962-EDDD33EA9D2F}.Release|Any CPU.ActiveCfg = Release|Any CPU
		{A825ED71-2785-4598-B962-EDDD33EA9D2F}.Release|Any CPU.Build.0 = Release|Any CPU
	EndGlobalSection
	GlobalSection(SolutionProperties) = preSolution
		HideSolutionNode = FALSE
	EndGlobalSection
	GlobalSection(ExtensibilityGlobals) = postSolution
		SolutionGuid = {D0FF464E-0425-4669-90AA-60C0B1BD4FAF}
	EndGlobalSection
EndGlobal
